{
  "nodes": {
    "home-manager": {
      "inputs": {
        "nixpkgs": [
          "zen-browser",
          "nixpkgs"
        ]
      },
      "locked": {
        "lastModified": 1752603129,
        "narHash": "sha256-S+wmHhwNQ5Ru689L2Gu8n1OD6s9eU9n9mD827JNR+kw=",
        "owner": "nix-community",
        "repo": "home-manager",
        "rev": "e8c19a3cec2814c754f031ab3ae7316b64da085b",
        "type": "github"
      },
      "original": {
        "owner": "nix-community",
        "repo": "home-manager",
        "type": "github"
      }
    },
    "nix-flatpak": {
      "locked": {
        "lastModified": 1739444422,
        "narHash": "sha256-iAVVHi7X3kWORftY+LVbRiStRnQEob2TULWyjMS6dWg=",
        "owner": "gmodena",
        "repo": "nix-flatpak",
        "rev": "5e54c3ca05a7c7d968ae1ddeabe01d2a9bc1e177",
        "type": "github"
      },
      "original": {
        "owner": "gmodena",
        "ref": "latest",
        "repo": "nix-flatpak",
        "type": "github"
      }
    },
    "nixpkgs": {
      "locked": {
        "lastModified": 1757941119,
        "narHash": "sha256-TssJZFzMRYdWgpHySzKv4YQg6DUv5SDENiWbVgNTo0M=",
        "owner": "NixOS",
        "repo": "nixpkgs",
        "rev": "7ff837017c3b82bd3671932599a119d7bc672ff0",
        "type": "github"
      },
      "original": {
        "owner": "NixOS",
        "ref": "nixos-25.05",
        "repo": "nixpkgs",
        "type": "github"
      }
    },
    "nixpkgs-unstable": {
      "locked": {
        "lastModified": 1758029226,
        "narHash": "sha256-TjqVmbpoCqWywY9xIZLTf6ANFvDCXdctCjoYuYPYdMI=",
        "owner": "nixos",
        "repo": "nixpkgs",
        "rev": "08b8f92ac6354983f5382124fef6006cade4a1c1",
        "type": "github"
      },
      "original": {
        "owner": "nixos",
        "ref": "nixpkgs-unstable",
        "repo": "nixpkgs",
        "type": "github"
      }
    },
    "nixpkgs_2": {
      "locked": {
        "lastModified": 1744536153,
        "narHash": "sha256-awS2zRgF4uTwrOKwwiJcByDzDOdo3Q1rPZbiHQg/N38=",
        "owner": "NixOS",
        "repo": "nixpkgs",
        "rev": "18dd725c29603f582cf1900e0d25f9f1063dbf11",
        "type": "github"
      },
      "original": {
        "owner": "NixOS",
        "ref": "nixpkgs-unstable",
        "repo": "nixpkgs",
        "type": "github"
      }
    },
    "root": {
      "inputs": {
        "nix-flatpak": "nix-flatpak",
        "nixpkgs": "nixpkgs",
        "nixpkgs-unstable": "nixpkgs-unstable",
        "rust-overlay": "rust-overlay",
        "zen-browser": "zen-browser"
      }
    },
    "rust-overlay": {
      "inputs": {
        "nixpkgs": "nixpkgs_2"
      },
      "locked": {
        "lastModified": 1758076341,
        "narHash": "sha256-ZKi6pyRDw2/3xU7qxd+2+lneQXUOe92TiF+10DflolM=",
        "owner": "oxalica",
        "repo": "rust-overlay",
        "rev": "562fb6f14678eb9b8a36829140f6a4d0737776d2",
        "type": "github"
      },
      "original": {
        "owner": "oxalica",
        "repo": "rust-overlay",
        "type": "github"
      }
    },
    "zen-browser": {
      "inputs": {
        "home-manager": "home-manager",
        "nixpkgs": [
          "nixpkgs"
        ]
      },
      "locked": {
        "lastModified": 1758082958,
        "narHash": "sha256-DGpwK0Z8Yl70U8whJC9kQbenhmIANqQX7i40wG8KB2w=",
        "owner": "0xc000022070",
        "repo": "zen-browser-flake",
        "rev": "5edc5f5117da500890821f5684bf12f040f34ec5",
        "type": "github"
      },
      "original": {
        "owner": "0xc000022070",
        "repo": "zen-browser-flake",
        "type": "github"
      }
    }
  },
  "root": "root",
  "version": 7
}
